
Microsoft Visual Studio Solution File, Format Version 12.00
# Visual Studio Version 17
VisualStudioVersion = 17.8.34525.116
MinimumVisualStudioVersion = 10.0.40219.1
Project("{FAE04EC0-301F-11D3-BF4B-00C04F79EFBC}") = "StWarStudios.Web.Server", "StWarStudios.Web.Server\StWarStudios.Web.Server.csproj", "{9945F5DF-A61A-4181-8C3C-18F7788E6199}"
EndProject
Project("{54A90642-561A-4BB1-A94E-469ADEE60C69}") = "stwarstudios.web.client", "stwarstudios.web.client\stwarstudios.web.client.esproj", "{468BD4B7-8CB7-4065-BDFD-EB5747AD1DEF}"
EndProject
Global
	GlobalSection(SolutionConfigurationPlatforms) = preSolution
		Debug|Any CPU = Debug|Any CPU
		Release|Any CPU = Release|Any CPU
	EndGlobalSection
	GlobalSection(ProjectConfigurationPlatforms) = postSolution
		{9945F5DF-A61A-4181-8C3C-18F7788E6199}.Debug|Any CPU.ActiveCfg = Debug|Any CPU
		{9945F5DF-A61A-4181-8C3C-18F7788E6199}.Debug|Any CPU.Build.0 = Debug|Any CPU
		{9945F5DF-A61A-4181-8C3C-18F7788E6199}.Release|Any CPU.ActiveCfg = Release|Any CPU
		{9945F5DF-A61A-4181-8C3C-18F7788E6199}.Release|Any CPU.Build.0 = Release|Any CPU
		{468BD4B7-8CB7-4065-BDFD-EB5747AD1DEF}.Debug|Any CPU.ActiveCfg = Debug|Any CPU
		{468BD4B7-8CB7-4065-BDFD-EB5747AD1DEF}.Debug|Any CPU.Build.0 = Debug|Any CPU
		{468BD4B7-8CB7-4065-BDFD-EB5747AD1DEF}.Debug|Any CPU.Deploy.0 = Debug|Any CPU
		{468BD4B7-8CB7-4065-BDFD-EB5747AD1DEF}.Release|Any CPU.ActiveCfg = Release|Any CPU
		{468BD4B7-8CB7-4065-BDFD-EB5747AD1DEF}.Release|Any CPU.Build.0 = Release|Any CPU
		{468BD4B7-8CB7-4065-BDFD-EB5747AD1DEF}.Release|Any CPU.Deploy.0 = Release|Any CPU
	EndGlobalSection
	GlobalSection(SolutionProperties) = preSolution
		HideSolutionNode = FALSE
	EndGlobalSection
	GlobalSection(ExtensibilityGlobals) = postSolution
		SolutionGuid = {E6E4D1E4-0744-42AD-90EB-17AD326185C9}
	EndGlobalSection
EndGlobal
